
Microsoft Visual Studio Solution File, Format Version 11.00
# Visual Studio 2010
Project("{FAE04EC0-301F-11D3-BF4B-00C04F79EFBC}") = "GameTest", "WindowsGame1\WindowsGame1\GameTest.csproj", "{D7400B22-8E16-4993-A702-C823A24851CA}"
EndProject
Project("{FAE04EC0-301F-11D3-BF4B-00C04F79EFBC}") = "Content1", "Content1\Content1.contentproj", "{6AD8F1BA-B416-41E7-8A96-89080DE197EB}"
EndProject
Global
	GlobalSection(SolutionConfigurationPlatforms) = preSolution
		Debug|Any CPU = Debug|Any CPU
		Debug|x86 = Debug|x86
		Release|Any CPU = Release|Any CPU
		Release|x86 = Release|x86
	EndGlobalSection
	GlobalSection(ProjectConfigurationPlatforms) = postSolution
		{D7400B22-8E16-4993-A702-C823A24851CA}.Debug|Any CPU.ActiveCfg = Debug|x86
		{D7400B22-8E16-4993-A702-C823A24851CA}.Debug|x86.ActiveCfg = Debug|x86
		{D7400B22-8E16-4993-A702-C823A24851CA}.Debug|x86.Build.0 = Debug|x86
		{D7400B22-8E16-4993-A702-C823A24851CA}.Release|Any CPU.ActiveCfg = Release|x86
		{D7400B22-8E16-4993-A702-C823A24851CA}.Release|x86.ActiveCfg = Release|x86
		{D7400B22-8E16-4993-A702-C823A24851CA}.Release|x86.Build.0 = Release|x86
		{6AD8F1BA-B416-41E7-8A96-89080DE197EB}.Debug|Any CPU.ActiveCfg = Debug|Any CPU
		{6AD8F1BA-B416-41E7-8A96-89080DE197EB}.Debug|x86.ActiveCfg = Debug|Any CPU
		{6AD8F1BA-B416-41E7-8A96-89080DE197EB}.Release|Any CPU.ActiveCfg = Debug|Any CPU
		{6AD8F1BA-B416-41E7-8A96-89080DE197EB}.Release|x86.ActiveCfg = Debug|Any CPU
	EndGlobalSection
	GlobalSection(SolutionProperties) = preSolution
		HideSolutionNode = FALSE
	EndGlobalSection
EndGlobal
